
Microsoft Visual Studio Solution File, Format Version 12.00
# Visual Studio Version 16
VisualStudioVersion = 16.0.29201.188
MinimumVisualStudioVersion = 10.0.40219.1
Project("{8BC9CEB8-8B4A-11D0-8D11-00A0C91BC942}") = "reference", "reference\reference.vcxproj", "{05CC3FC5-92FC-4E37-B9BD-9A76FED603CB}"
EndProject
Global
	GlobalSection(SolutionConfigurationPlatforms) = preSolution
		Debug|x64 = Debug|x64
		Debug|x86 = Debug|x86
		Release|x64 = Release|x64
		Release|x86 = Release|x86
	EndGlobalSection
	GlobalSection(ProjectConfigurationPlatforms) = postSolution
		{05CC3FC5-92FC-4E37-B9BD-9A76FED603CB}.Debug|x64.ActiveCfg = Debug|x64
		{05CC3FC5-92FC-4E37-B9BD-9A76FED603CB}.Debug|x64.Build.0 = Debug|x64
		{05CC3FC5-92FC-4E37-B9BD-9A76FED603CB}.Debug|x86.ActiveCfg = Debug|Win32
		{05CC3FC5-92FC-4E37-B9BD-9A76FED603CB}.Debug|x86.Build.0 = Debug|Win32
		{05CC3FC5-92FC-4E37-B9BD-9A76FED603CB}.Release|x64.ActiveCfg = Release|x64
		{05CC3FC5-92FC-4E37-B9BD-9A76FED603CB}.Release|x64.Build.0 = Release|x64
		{05CC3FC5-92FC-4E37-B9BD-9A76FED603CB}.Release|x86.ActiveCfg = Release|Win32
		{05CC3FC5-92FC-4E37-B9BD-9A76FED603CB}.Release|x86.Build.0 = Release|Win32
	EndGlobalSection
	GlobalSection(SolutionProperties) = preSolution
		HideSolutionNode = FALSE
	EndGlobalSection
	GlobalSection(ExtensibilityGlobals) = postSolution
		SolutionGuid = {72BB75BF-BDA4-4F6A-876A-C945EF823FC0}
	EndGlobalSection
EndGlobal
